annotated-doc==0.0.5
annotated-types==0.8.0
anyio==4.14.2
certifi==2026.7.22
cffi==2.1.1
charset-normalizer==3.5.1
click==8.4.2
cryptography==50.0.0
durationpy==0.10
fastapi==0.136.3
google-auth==2.56.3
h11==0.16.0
idna==3.19
kubernetes==33.1.0
oauthlib==3.3.1
packaging==26.3
pyasn1==0.6.4
pyasn1-modules==0.4.2
pycparser==3.0
pydantic==2.13.4
pydantic-core==2.46.4
python-dateutil==2.9.0.post0
PyYAML==6.0.3
requests==2.34.2
requests-oauthlib==2.0.0
six==1.17.0
starlette==1.6.0
typing-extensions==4.16.0
typing-inspection==0.4.4
urllib3==2.7.0
uvicorn==0.35.0
websocket-client==1.9.0
